# This file is automatically @generated by Cargo.
# It is not intended for manual editing.
version = 4

[[package]]
name = "temper-units-app"
version = "0.1.0"
dependencies = [
 "temper-units-lib",
 "temper-units-macro",
]

[[package]]
name = "temper-units-lib"
version = "0.1.0"

[[package]]
name = "temper-units-macro"
version = "0.1.0"
